
Microsoft Visual Studio Solution File, Format Version 12.00
# Visual Studio 15
VisualStudioVersion = 15.0.28010.2041
MinimumVisualStudioVersion = 10.0.40219.1
Project("{FAE04EC0-301F-11D3-BF4B-00C04F79EFBC}") = "braggin-bowl.Android", "braggin-bowl\braggin-bowl.Android\braggin-bowl.Android.csproj", "{FC439F7E-E40B-40F4-BFDA-BAE1A03169DE}"
EndProject
Project("{FAE04EC0-301F-11D3-BF4B-00C04F79EFBC}") = "braggin-bowl.iOS", "braggin-bowl\braggin-bowl.iOS\braggin-bowl.iOS.csproj", "{3814378E-2C8B-4863-B41A-BCAAC97CD1F2}"
EndProject
Project("{FAE04EC0-301F-11D3-BF4B-00C04F79EFBC}") = "braggin-bowl", "braggin-bowl\braggin-bowl\braggin-bowl.csproj", "{BBA95FA2-5938-4A1B-837C-FDAB52BF82E7}"
EndProject
Global
	GlobalSection(SolutionConfigurationPlatforms) = preSolution
		Ad-Hoc|Any CPU = Ad-Hoc|Any CPU
		Ad-Hoc|iPhone = Ad-Hoc|iPhone
		Ad-Hoc|iPhoneSimulator = Ad-Hoc|iPhoneSimulator
		AppStore|Any CPU = AppStore|Any CPU
		AppStore|iPhone = AppStore|iPhone
		AppStore|iPhoneSimulator = AppStore|iPhoneSimulator
		Debug|Any CPU = Debug|Any CPU
		Debug|iPhone = Debug|iPhone
		Debug|iPhoneSimulator = Debug|iPhoneSimulator
		Release|Any CPU = Release|Any CPU
		Release|iPhone = Release|iPhone
		Release|iPhoneSimulator = Release|iPhoneSimulator
	EndGlobalSection
	GlobalSection(ProjectConfigurationPlatforms) = postSolution
		{FC439F7E-E40B-40F4-BFDA-BAE1A03169DE}.Ad-Hoc|Any CPU.ActiveCfg = Release|Any CPU
		{FC439F7E-E40B-40F4-BFDA-BAE1A03169DE}.Ad-Hoc|Any CPU.Build.0 = Release|Any CPU
		{FC439F7E-E40B-40F4-BFDA-BAE1A03169DE}.Ad-Hoc|Any CPU.Deploy.0 = Release|Any CPU
		{FC439F7E-E40B-40F4-BFDA-BAE1A03169DE}.Ad-Hoc|iPhone.ActiveCfg = Release|Any CPU
		{FC439F7E-E40B-40F4-BFDA-BAE1A03169DE}.Ad-Hoc|iPhone.Build.0 = Release|Any CPU
		{FC439F7E-E40B-40F4-BFDA-BAE1A03169DE}.Ad-Hoc|iPhone.Deploy.0 = Release|Any CPU
		{FC439F7E-E40B-40F4-BFDA-BAE1A03169DE}.Ad-Hoc|iPhoneSimulator.ActiveCfg = Release|Any CPU
		{FC439F7E-E40B-40F4-BFDA-BAE1A03169DE}.Ad-Hoc|iPhoneSimulator.Build.0 = Release|Any CPU
		{FC439F7E-E40B-40F4-BFDA-BAE1A03169DE}.Ad-Hoc|iPhoneSimulator.Deploy.0 = Release|Any CPU
		{FC439F7E-E40B-40F4-BFDA-BAE1A03169DE}.AppStore|Any CPU.ActiveCfg = Release|Any CPU
		{FC439F7E-E40B-40F4-BFDA-BAE1A03169DE}.AppStore|Any CPU.Build.0 = Release|Any CPU
		{FC439F7E-E40B-40F4-BFDA-BAE1A03169DE}.AppStore|Any CPU.Deploy.0 = Release|Any CPU
		{FC439F7E-E40B-40F4-BFDA-BAE1A03169DE}.AppStore|iPhone.ActiveCfg = Release|Any CPU
		{FC439F7E-E40B-40F4-BFDA-BAE1A03169DE}.AppStore|iPhone.Build.0 = Release|Any CPU
		{FC439F7E-E40B-40F4-BFDA-BAE1A03169DE}.AppStore|iPhone.Deploy.0 = Release|Any CPU
		{FC439F7E-E40B-40F4-BFDA-BAE1A03169DE}.AppStore|iPhoneSimulator.ActiveCfg = Release|Any CPU
		{FC439F7E-E40B-40F4-BFDA-BAE1A03169DE}.AppStore|iPhoneSimulator.Build.0 = Release|Any CPU
		{FC439F7E-E40B-40F4-BFDA-BAE1A03169DE}.AppStore|iPhoneSimulator.Deploy.0 = Release|Any CPU
		{FC439F7E-E40B-40F4-BFDA-BAE1A03169DE}.Debug|Any CPU.ActiveCfg = Debug|Any CPU
		{FC439F7E-E40B-40F4-BFDA-BAE1A03169DE}.Debug|Any CPU.Build.0 = Debug|Any CPU
		{FC439F7E-E40B-40F4-BFDA-BAE1A03169DE}.Debug|Any CPU.Deploy.0 = Debug|Any CPU
		{FC439F7E-E40B-40F4-BFDA-BAE1A03169DE}.Debug|iPhone.ActiveCfg = Debug|Any CPU
		{FC439F7E-E40B-40F4-BFDA-BAE1A03169DE}.Debug|iPhone.Build.0 = Debug|Any CPU
		{FC439F7E-E40B-40F4-BFDA-BAE1A03169DE}.Debug|iPhone.Deploy.0 = Debug|Any CPU
		{FC439F7E-E40B-40F4-BFDA-BAE1A03169DE}.Debug|iPhoneSimulator.ActiveCfg = Debug|Any CPU
		{FC439F7E-E40B-40F4-BFDA-BAE1A03169DE}.Debug|iPhoneSimulator.Build.0 = Debug|Any CPU
		{FC439F7E-E40B-40F4-BFDA-BAE1A03169DE}.Debug|iPhoneSimulator.Deploy.0 = Debug|Any CPU
		{FC439F7E-E40B-40F4-BFDA-BAE1A03169DE}.Release|Any CPU.ActiveCfg = Release|Any CPU
		{FC439F7E-E40B-40F4-BFDA-BAE1A03169DE}.Release|Any CPU.Build.0 = Release|Any CPU
		{FC439F7E-E40B-40F4-BFDA-BAE1A03169DE}.Release|Any CPU.Deploy.0 = Release|Any CPU
		{FC439F7E-E40B-40F4-BFDA-BAE1A03169DE}.Release|iPhone.ActiveCfg = Release|Any CPU
		{FC439F7E-E40B-40F4-BFDA-BAE1A03169DE}.Release|iPhone.Build.0 = Release|Any CPU
		{FC439F7E-E40B-40F4-BFDA-BAE1A03169DE}.Release|iPhone.Deploy.0 = Release|Any CPU
		{FC439F7E-E40B-40F4-BFDA-BAE1A03169DE}.Release|iPhoneSimulator.ActiveCfg = Release|Any CPU
		{FC439F7E-E40B-40F4-BFDA-BAE1A03169DE}.Release|iPhoneSimulator.Build.0 = Release|Any CPU
		{FC439F7E-E40B-40F4-BFDA-BAE1A03169DE}.Release|iPhoneSimulator.Deploy.0 = Release|Any CPU
		{3814378E-2C8B-4863-B41A-BCAAC97CD1F2}.Ad-Hoc|Any CPU.ActiveCfg = Ad-Hoc|iPhone
		{3814378E-2C8B-4863-B41A-BCAAC97CD1F2}.Ad-Hoc|Any CPU.Build.0 = Ad-Hoc|iPhone
		{3814378E-2C8B-4863-B41A-BCAAC97CD1F2}.Ad-Hoc|Any CPU.Deploy.0 = Ad-Hoc|iPhone
		{3814378E-2C8B-4863-B41A-BCAAC97CD1F2}.Ad-Hoc|iPhone.ActiveCfg = Ad-Hoc|iPhone
		{3814378E-2C8B-4863-B41A-BCAAC97CD1F2}.Ad-Hoc|iPhone.Build.0 = Ad-Hoc|iPhone
		{3814378E-2C8B-4863-B41A-BCAAC97CD1F2}.Ad-Hoc|iPhone.Deploy.0 = Ad-Hoc|iPhone
		{3814378E-2C8B-4863-B41A-BCAAC97CD1F2}.Ad-Hoc|iPhoneSimulator.ActiveCfg = Ad-Hoc|iPhoneSimulator
		{3814378E-2C8B-4863-B41A-BCAAC97CD1F2}.Ad-Hoc|iPhoneSimulator.Build.0 = Ad-Hoc|iPhoneSimulator
		{3814378E-2C8B-4863-B41A-BCAAC97CD1F2}.Ad-Hoc|iPhoneSimulator.Deploy.0 = Ad-Hoc|iPhoneSimulator
		{3814378E-2C8B-4863-B41A-BCAAC97CD1F2}.AppStore|Any CPU.ActiveCfg = AppStore|iPhone
		{3814378E-2C8B-4863-B41A-BCAAC97CD1F2}.AppStore|Any CPU.Build.0 = AppStore|iPhone
		{3814378E-2C8B-4863-B41A-BCAAC97CD1F2}.AppStore|Any CPU.Deploy.0 = AppStore|iPhone
		{3814378E-2C8B-4863-B41A-BCAAC97CD1F2}.AppStore|iPhone.ActiveCfg = AppStore|iPhone
		{3814378E-2C8B-4863-B41A-BCAAC97CD1F2}.AppStore|iPhone.Build.0 = AppStore|iPhone
		{3814378E-2C8B-4863-B41A-BCAAC97CD1F2}.AppStore|iPhone.Deploy.0 = AppStore|iPhone
		{3814378E-2C8B-4863-B41A-BCAAC97CD1F2}.AppStore|iPhoneSimulator.ActiveCfg = AppStore|iPhoneSimulator
		{3814378E-2C8B-4863-B41A-BCAAC97CD1F2}.AppStore|iPhoneSimulator.Build.0 = AppStore|iPhoneSimulator
		{3814378E-2C8B-4863-B41A-BCAAC97CD1F2}.AppStore|iPhoneSimulator.Deploy.0 = AppStore|iPhoneSimulator
		{3814378E-2C8B-4863-B41A-BCAAC97CD1F2}.Debug|Any CPU.ActiveCfg = Debug|iPhoneSimulator
		{3814378E-2C8B-4863-B41A-BCAAC97CD1F2}.Debug|Any CPU.Build.0 = Debug|iPhoneSimulator
		{3814378E-2C8B-4863-B41A-BCAAC97CD1F2}.Debug|Any CPU.Deploy.0 = Debug|iPhoneSimulator
		{3814378E-2C8B-4863-B41A-BCAAC97CD1F2}.Debug|iPhone.ActiveCfg = Debug|iPhone
		{3814378E-2C8B-4863-B41A-BCAAC97CD1F2}.Debug|iPhone.Build.0 = Debug|iPhone
		{3814378E-2C8B-4863-B41A-BCAAC97CD1F2}.Debug|iPhone.Deploy.0 = Debug|iPhone
		{3814378E-2C8B-4863-B41A-BCAAC97CD1F2}.Debug|iPhoneSimulator.ActiveCfg = Debug|iPhoneSimulator
		{3814378E-2C8B-4863-B41A-BCAAC97CD1F2}.Debug|iPhoneSimulator.Build.0 = Debug|iPhoneSimulator
		{3814378E-2C8B-4863-B41A-BCAAC97CD1F2}.Debug|iPhoneSimulator.Deploy.0 = Debug|iPhoneSimulator
		{3814378E-2C8B-4863-B41A-BCAAC97CD1F2}.Release|Any CPU.ActiveCfg = Release|iPhone
		{3814378E-2C8B-4863-B41A-BCAAC97CD1F2}.Release|Any CPU.Build.0 = Release|iPhone
		{3814378E-2C8B-4863-B41A-BCAAC97CD1F2}.Release|Any CPU.Deploy.0 = Release|iPhone
		{3814378E-2C8B-4863-B41A-BCAAC97CD1F2}.Release|iPhone.ActiveCfg = Release|iPhone
		{3814378E-2C8B-4863-B41A-BCAAC97CD1F2}.Release|iPhone.Build.0 = Release|iPhone
		{3814378E-2C8B-4863-B41A-BCAAC97CD1F2}.Release|iPhone.Deploy.0 = Release|iPhone
		{3814378E-2C8B-4863-B41A-BCAAC97CD1F2}.Release|iPhoneSimulator.ActiveCfg = Release|iPhoneSimulator
		{3814378E-2C8B-4863-B41A-BCAAC97CD1F2}.Release|iPhoneSimulator.Build.0 = Release|iPhoneSimulator
		{3814378E-2C8B-4863-B41A-BCAAC97CD1F2}.Release|iPhoneSimulator.Deploy.0 = Release|iPhoneSimulator
		{BBA95FA2-5938-4A1B-837C-FDAB52BF82E7}.Ad-Hoc|Any CPU.ActiveCfg = Debug|Any CPU
		{BBA95FA2-5938-4A1B-837C-FDAB52BF82E7}.Ad-Hoc|Any CPU.Build.0 = Debug|Any CPU
		{BBA95FA2-5938-4A1B-837C-FDAB52BF82E7}.Ad-Hoc|Any CPU.Deploy.0 = Debug|Any CPU
		{BBA95FA2-5938-4A1B-837C-FDAB52BF82E7}.Ad-Hoc|iPhone.ActiveCfg = Debug|Any CPU
		{BBA95FA2-5938-4A1B-837C-FDAB52BF82E7}.Ad-Hoc|iPhone.Build.0 = Debug|Any CPU
		{BBA95FA2-5938-4A1B-837C-FDAB52BF82E7}.Ad-Hoc|iPhone.Deploy.0 = Debug|Any CPU
		{BBA95FA2-5938-4A1B-837C-FDAB52BF82E7}.Ad-Hoc|iPhoneSimulator.ActiveCfg = Debug|Any CPU
		{BBA95FA2-5938-4A1B-837C-FDAB52BF82E7}.Ad-Hoc|iPhoneSimulator.Build.0 = Debug|Any CPU
		{BBA95FA2-5938-4A1B-837C-FDAB52BF82E7}.Ad-Hoc|iPhoneSimulator.Deploy.0 = Debug|Any CPU
		{BBA95FA2-5938-4A1B-837C-FDAB52BF82E7}.AppStore|Any CPU.ActiveCfg = Debug|Any CPU
		{BBA95FA2-5938-4A1B-837C-FDAB52BF82E7}.AppStore|Any CPU.Build.0 = Debug|Any CPU
		{BBA95FA2-5938-4A1B-837C-FDAB52BF82E7}.AppStore|Any CPU.Deploy.0 = Debug|Any CPU
		{BBA95FA2-5938-4A1B-837C-FDAB52BF82E7}.AppStore|iPhone.ActiveCfg = Debug|Any CPU
		{BBA95FA2-5938-4A1B-837C-FDAB52BF82E7}.AppStore|iPhone.Build.0 = Debug|Any CPU
		{BBA95FA2-5938-4A1B-837C-FDAB52BF82E7}.AppStore|iPhone.Deploy.0 = Debug|Any CPU
		{BBA95FA2-5938-4A1B-837C-FDAB52BF82E7}.AppStore|iPhoneSimulator.ActiveCfg = Debug|Any CPU
		{BBA95FA2-5938-4A1B-837C-FDAB52BF82E7}.AppStore|iPhoneSimulator.Build.0 = Debug|Any CPU
		{BBA95FA2-5938-4A1B-837C-FDAB52BF82E7}.AppStore|iPhoneSimulator.Deploy.0 = Debug|Any CPU
		{BBA95FA2-5938-4A1B-837C-FDAB52BF82E7}.Debug|Any CPU.ActiveCfg = Debug|Any CPU
		{BBA95FA2-5938-4A1B-837C-FDAB52BF82E7}.Debug|Any CPU.Build.0 = Debug|Any CPU
		{BBA95FA2-5938-4A1B-837C-FDAB52BF82E7}.Debug|Any CPU.Deploy.0 = Debug|Any CPU
		{BBA95FA2-5938-4A1B-837C-FDAB52BF82E7}.Debug|iPhone.ActiveCfg = Debug|Any CPU
		{BBA95FA2-5938-4A1B-837C-FDAB52BF82E7}.Debug|iPhone.Build.0 = Debug|Any CPU
		{BBA95FA2-5938-4A1B-837C-FDAB52BF82E7}.Debug|iPhone.Deploy.0 = Debug|Any CPU
		{BBA95FA2-5938-4A1B-837C-FDAB52BF82E7}.Debug|iPhoneSimulator.ActiveCfg = Debug|Any CPU
		{BBA95FA2-5938-4A1B-837C-FDAB52BF82E7}.Debug|iPhoneSimulator.Build.0 = Debug|Any CPU
		{BBA95FA2-5938-4A1B-837C-FDAB52BF82E7}.Debug|iPhoneSimulator.Deploy.0 = Debug|Any CPU
		{BBA95FA2-5938-4A1B-837C-FDAB52BF82E7}.Release|Any CPU.ActiveCfg = Release|Any CPU
		{BBA95FA2-5938-4A1B-837C-FDAB52BF82E7}.Release|Any CPU.Build.0 = Release|Any CPU
		{BBA95FA2-5938-4A1B-837C-FDAB52BF82E7}.Release|Any CPU.Deploy.0 = Release|Any CPU
		{BBA95FA2-5938-4A1B-837C-FDAB52BF82E7}.Release|iPhone.ActiveCfg = Release|Any CPU
		{BBA95FA2-5938-4A1B-837C-FDAB52BF82E7}.Release|iPhone.Build.0 = Release|Any CPU
		{BBA95FA2-5938-4A1B-837C-FDAB52BF82E7}.Release|iPhone.Deploy.0 = Release|Any CPU
		{BBA95FA2-5938-4A1B-837C-FDAB52BF82E7}.Release|iPhoneSimulator.ActiveCfg = Release|Any CPU
		{BBA95FA2-5938-4A1B-837C-FDAB52BF82E7}.Release|iPhoneSimulator.Build.0 = Release|Any CPU
		{BBA95FA2-5938-4A1B-837C-FDAB52BF82E7}.Release|iPhoneSimulator.Deploy.0 = Release|Any CPU
	EndGlobalSection
	GlobalSection(SolutionProperties) = preSolution
		HideSolutionNode = FALSE
	EndGlobalSection
	GlobalSection(ExtensibilityGlobals) = postSolution
		SolutionGuid = {331EA4BC-63FD-4E66-A674-9052DB2BE5A3}
	EndGlobalSection
EndGlobal
